// !$*UTF8*$!
{
	archiveVersion = 1;
	classes = {
	};
	objectVersion = 56;
	objects = {

/* Begin PBXBuildFile section */
		F713A31129E9CC0D0068D7ED /* ClubsApp.swift in Sources */ = {isa = PBXBuildFile; fileRef = F713A31029E9CC0D0068D7ED /* ClubsApp.swift */; };
		F713A31329E9CC0D0068D7ED /* ContentView.swift in Sources */ = {isa = PBXBuildFile; fileRef = F713A31229E9CC0D0068D7ED /* ContentView.swift */; };
		F713A31529E9CC0F0068D7ED /* Assets.xcassets in Resources */ = {isa = PBXBuildFile; fileRef = F713A31429E9CC0F0068D7ED /* Assets.xcassets */; };
		F713A31929E9CC0F0068D7ED /* Preview Assets.xcassets in Resources */ = {isa = PBXBuildFile; fileRef = F713A31829E9CC0F0068D7ED /* Preview Assets.xcassets */; };
		F713A32029E9D6D20068D7ED /* SettingsView.swift in Sources */ = {isa = PBXBuildFile; fileRef = F713A31F29E9D6D20068D7ED /* SettingsView.swift */; };
		F713A32229E9D7BB0068D7ED /* Settings.swift in Sources */ = {isa = PBXBuildFile; fileRef = F713A32129E9D7BB0068D7ED /* Settings.swift */; };
		F713A32429E9DC7F0068D7ED /* FeedView.swift in Sources */ = {isa = PBXBuildFile; fileRef = F713A32329E9DC7F0068D7ED /* FeedView.swift */; };
		F713A32629E9E0250068D7ED /* ChatView.swift in Sources */ = {isa = PBXBuildFile; fileRef = F713A32529E9E0250068D7ED /* ChatView.swift */; };
		F713A32829EA79F90068D7ED /* CalendarView.swift in Sources */ = {isa = PBXBuildFile; fileRef = F713A32729EA79F90068D7ED /* CalendarView.swift */; };
		F7524A602A115B1600E6E8A8 /* Constants.swift in Sources */ = {isa = PBXBuildFile; fileRef = F7524A5F2A115B1600E6E8A8 /* Constants.swift */; };
/* End PBXBuildFile section */

/* Begin PBXFileReference section */
		F713A30D29E9CC0D0068D7ED /* Clubs.app */ = {isa = PBXFileReference; explicitFileType = wrapper.application; includeInIndex = 0; path = Clubs.app; sourceTree = BUILT_PRODUCTS_DIR; };
		F713A31029E9CC0D0068D7ED /* ClubsApp.swift */ = {isa = PBXFileReference; lastKnownFileType = sourcecode.swift; path = ClubsApp.swift; sourceTree = "<group>"; };
		F713A31229E9CC0D0068D7ED /* ContentView.swift */ = {isa = PBXFileReference; lastKnownFileType = sourcecode.swift; path = ContentView.swift; sourceTree = "<group>"; };
		F713A31429E9CC0F0068D7ED /* Assets.xcassets */ = {isa = PBXFileReference; lastKnownFileType = folder.assetcatalog; path = Assets.xcassets; sourceTree = "<group>"; };
		F713A31629E9CC0F0068D7ED /* Clubs.entitlements */ = {isa = PBXFileReference; lastKnownFileType = text.plist.entitlements; path = Clubs.entitlements; sourceTree = "<group>"; };
		F713A31829E9CC0F0068D7ED /* Preview Assets.xcassets */ = {isa = PBXFileReference; lastKnownFileType = folder.assetcatalog; path = "Preview Assets.xcassets"; sourceTree = "<group>"; };
		F713A31F29E9D6D20068D7ED /* SettingsView.swift */ = {isa = PBXFileReference; lastKnownFileType = sourcecode.swift; path = SettingsView.swift; sourceTree = "<group>"; };
		F713A32129E9D7BB0068D7ED /* Settings.swift */ = {isa = PBXFileReference; lastKnownFileType = sourcecode.swift; path = Settings.swift; sourceTree = "<group>"; };
		F713A32329E9DC7F0068D7ED /* FeedView.swift */ = {isa = PBXFileReference; lastKnownFileType = sourcecode.swift; path = FeedView.swift; sourceTree = "<group>"; };
		F713A32529E9E0250068D7ED /* ChatView.swift */ = {isa = PBXFileReference; lastKnownFileType = sourcecode.swift; path = ChatView.swift; sourceTree = "<group>"; };
		F713A32729EA79F90068D7ED /* CalendarView.swift */ = {isa = PBXFileReference; lastKnownFileType = sourcecode.swift; path = CalendarView.swift; sourceTree = "<group>"; };
		F7524A5F2A115B1600E6E8A8 /* Constants.swift */ = {isa = PBXFileReference; lastKnownFileType = sourcecode.swift; path = Constants.swift; sourceTree = "<group>"; };
/* End PBXFileReference section */

/* Begin PBXFrameworksBuildPhase section */
		F713A30A29E9CC0D0068D7ED /* Frameworks */ = {
			isa = PBXFrameworksBuildPhase;
			buildActionMask = 2147483647;
			files = (
			);
			runOnlyForDeploymentPostprocessing = 0;
		};
/* End PBXFrameworksBuildPhase section */

/* Begin PBXGroup section */
		F713A30429E9CC0D0068D7ED = {
			isa = PBXGroup;
			children = (
				F713A30F29E9CC0D0068D7ED /* Clubs */,
				F713A30E29E9CC0D0068D7ED /* Products */,
			);
			sourceTree = "<group>";
		};
		F713A30E29E9CC0D0068D7ED /* Products */ = {
			isa = PBXGroup;
			children = (
				F713A30D29E9CC0D0068D7ED /* Clubs.app */,
			);
			name = Products;
			sourceTree = "<group>";
		};
		F713A30F29E9CC0D0068D7ED /* Clubs */ = {
			isa = PBXGroup;
			children = (
				F713A31029E9CC0D0068D7ED /* ClubsApp.swift */,
				F713A31229E9CC0D0068D7ED /* ContentView.swift */,
				F713A32729EA79F90068D7ED /* CalendarView.swift */,
				F713A32329E9DC7F0068D7ED /* FeedView.swift */,
				F713A31F29E9D6D20068D7ED /* SettingsView.swift */,
				F713A32129E9D7BB0068D7ED /* Settings.swift */,
				F7524A5F2A115B1600E6E8A8 /* Constants.swift */,
				F713A32529E9E0250068D7ED /* ChatView.swift */,
				F713A31429E9CC0F0068D7ED /* Assets.xcassets */,
				F713A31629E9CC0F0068D7ED /* Clubs.entitlements */,
				F713A31729E9CC0F0068D7ED /* Preview Content */,
			);
			path = Clubs;
			sourceTree = "<group>";
		};
		F713A31729E9CC0F0068D7ED /* Preview Content */ = {
			isa = PBXGroup;
			children = (
				F713A31829E9CC0F0068D7ED /* Preview Assets.xcassets */,
			);
			path = "Preview Content";
			sourceTree = "<group>";
		};
/* End PBXGroup section */

/* Begin PBXNativeTarget section */
		F713A30C29E9CC0D0068D7ED /* Clubs */ = {
			isa = PBXNativeTarget;
			buildConfigurationList = F713A31C29E9CC0F0068D7ED /* Build configuration list for PBXNativeTarget "Clubs" */;
			buildPhases = (
				F713A30929E9CC0D0068D7ED /* Sources */,
				F713A30A29E9CC0D0068D7ED /* Frameworks */,
				F713A30B29E9CC0D0068D7ED /* Resources */,
			);
			buildRules = (
			);
			dependencies = (
			);
			name = Clubs;
			productName = Clubs;
			productReference = F713A30D29E9CC0D0068D7ED /* Clubs.app */;
			productType = "com.apple.product-type.application";
		};
/* End PBXNativeTarget section */

/* Begin PBXProject section */
		F713A30529E9CC0D0068D7ED /* Project object */ = {
			isa = PBXProject;
			attributes = {
				BuildIndependentTargetsInParallel = 1;
				LastSwiftUpdateCheck = 1420;
				LastUpgradeCheck = 1420;
				TargetAttributes = {
					F713A30C29E9CC0D0068D7ED = {
						CreatedOnToolsVersion = 14.2;
					};
				};
			};
			buildConfigurationList = F713A30829E9CC0D0068D7ED /* Build configuration list for PBXProject "Clubs" */;
			compatibilityVersion = "Xcode 14.0";
			developmentRegion = en;
			hasScannedForEncodings = 0;
			knownRegions = (
				en,
				Base,
			);
			mainGroup = F713A30429E9CC0D0068D7ED;
			productRefGroup = F713A30E29E9CC0D0068D7ED /* Products */;
			projectDirPath = "";
			projectRoot = "";
			targets = (
				F713A30C29E9CC0D0068D7ED /* Clubs */,
			);
		};
/* End PBXProject section */

/* Begin PBXResourcesBuildPhase section */
		F713A30B29E9CC0D0068D7ED /* Resources */ = {
			isa = PBXResourcesBuildPhase;
			buildActionMask = 2147483647;
			files = (
				F713A31929E9CC0F0068D7ED /* Preview Assets.xcassets in Resources */,
				F713A31529E9CC0F0068D7ED /* Assets.xcassets in Resources */,
			);
			runOnlyForDeploymentPostprocessing = 0;
		};
/* End PBXResourcesBuildPhase section */

/* Begin PBXSourcesBuildPhase section */
		F713A30929E9CC0D0068D7ED /* Sources */ = {
			isa = PBXSourcesBuildPhase;
			buildActionMask = 2147483647;
			files = (
				F713A32429E9DC7F0068D7ED /* FeedView.swift in Sources */,
				F713A32829EA79F90068D7ED /* CalendarView.swift in Sources */,
				F713A32029E9D6D20068D7ED /* SettingsView.swift in Sources */,
				F713A31329E9CC0D0068D7ED /* ContentView.swift in Sources */,
				F713A32229E9D7BB0068D7ED /* Settings.swift in Sources */,
				F713A32629E9E0250068D7ED /* ChatView.swift in Sources */,
				F713A31129E9CC0D0068D7ED /* ClubsApp.swift in Sources */,
				F7524A602A115B1600E6E8A8 /* Constants.swift in Sources */,
			);
			runOnlyForDeploymentPostprocessing = 0;
		};
/* End PBXSourcesBuildPhase section */

/* Begin XCBuildConfiguration section */
		F713A31A29E9CC0F0068D7ED /* Debug */ = {
			isa = XCBuildConfiguration;
			buildSettings = {
				ALWAYS_SEARCH_USER_PATHS = NO;
				CLANG_ANALYZER_NONNULL = YES;
				CLANG_ANALYZER_NUMBER_OBJECT_CONVERSION = YES_AGGRESSIVE;
				CLANG_CXX_LANGUAGE_STANDARD = "gnu++20";
				CLANG_ENABLE_MODULES = YES;
				CLANG_ENABLE_OBJC_ARC = YES;
				CLANG_ENABLE_OBJC_WEAK = YES;
				CLANG_WARN_BLOCK_CAPTURE_AUTORELEASING = YES;
				CLANG_WARN_BOOL_CONVERSION = YES;
				CLANG_WARN_COMMA = YES;
				CLANG_WARN_CONSTANT_CONVERSION = YES;
				CLANG_WARN_DEPRECATED_OBJC_IMPLEMENTATIONS = YES;
				CLANG_WARN_DIRECT_OBJC_ISA_USAGE = YES_ERROR;
				CLANG_WARN_DOCUMENTATION_COMMENTS = YES;
				CLANG_WARN_EMPTY_BODY = YES;
				CLANG_WARN_ENUM_CONVERSION = YES;
				CLANG_WARN_INFINITE_RECURSION = YES;
				CLANG_WARN_INT_CONVERSION = YES;
				CLANG_WARN_NON_LITERAL_NULL_CONVERSION = YES;
				CLANG_WARN_OBJC_IMPLICIT_RETAIN_SELF = YES;
				CLANG_WARN_OBJC_LITERAL_CONVERSION = YES;
				CLANG_WARN_OBJC_ROOT_CLASS = YES_ERROR;
				CLANG_WARN_QUOTED_INCLUDE_IN_FRAMEWORK_HEADER = YES;
				CLANG_WARN_RANGE_LOOP_ANALYSIS = YES;
				CLANG_WARN_STRICT_PROTOTYPES = YES;
				CLANG_WARN_SUSPICIOUS_MOVE = YES;
				CLANG_WARN_UNGUARDED_AVAILABILITY = YES_AGGRESSIVE;
				CLANG_WARN_UNREACHABLE_CODE = YES;
				CLANG_WARN__DUPLICATE_METHOD_MATCH = YES;
				COPY_PHASE_STRIP = NO;
				DEBUG_INFORMATION_FORMAT = dwarf;
				ENABLE_STRICT_OBJC_MSGSEND = YES;
				ENABLE_TESTABILITY = YES;
				GCC_C_LANGUAGE_STANDARD = gnu11;
				GCC_DYNAMIC_NO_PIC = NO;
				GCC_NO_COMMON_BLOCKS = YES;
				GCC_OPTIMIZATION_LEVEL = 0;
				GCC_PREPROCESSOR_DEFINITIONS = (
					"DEBUG=1",
					"$(inherited)",
				);
				GCC_WARN_64_TO_32_BIT_CONVERSION = YES;
				GCC_WARN_ABOUT_RETURN_TYPE = YES_ERROR;
				GCC_WARN_UNDECLARED_SELECTOR = YES;
				GCC_WARN_UNINITIALIZED_AUTOS = YES_AGGRESSIVE;
				GCC_WARN_UNUSED_FUNCTION = YES;
				GCC_WARN_UNUSED_VARIABLE = YES;
				MTL_ENABLE_DEBUG_INFO = INCLUDE_SOURCE;
				MTL_FAST_MATH = YES;
				ONLY_ACTIVE_ARCH = YES;
				SWIFT_ACTIVE_COMPILATION_CONDITIONS = DEBUG;
				SWIFT_OPTIMIZATION_LEVEL = "-Onone";
			};
			name = Debug;
		};
		F713A31B29E9CC0F0068D7ED /* Release */ = {
			isa = XCBuildConfiguration;
			buildSettings = {
				ALWAYS_SEARCH_USER_PATHS = NO;
				CLANG_ANALYZER_NONNULL = YES;
				CLANG_ANALYZER_NUMBER_OBJECT_CONVERSION = YES_AGGRESSIVE;
				CLANG_CXX_LANGUAGE_STANDARD = "gnu++20";
				CLANG_ENABLE_MODULES = YES;
				CLANG_ENABLE_OBJC_ARC = YES;
				CLANG_ENABLE_OBJC_WEAK = YES;
				CLANG_WARN_BLOCK_CAPTURE_AUTORELEASING = YES;
				CLANG_WARN_BOOL_CONVERSION = YES;
				CLANG_WARN_COMMA = YES;
				CLANG_WARN_CONSTANT_CONVERSION = YES;
				CLANG_WARN_DEPRECATED_OBJC_IMPLEMENTATIONS = YES;
				CLANG_WARN_DIRECT_OBJC_ISA_USAGE = YES_ERROR;
				CLANG_WARN_DOCUMENTATION_COMMENTS = YES;
				CLANG_WARN_EMPTY_BODY = YES;
				CLANG_WARN_ENUM_CONVERSION = YES;
				CLANG_WARN_INFINITE_RECURSION = YES;
				CLANG_WARN_INT_CONVERSION = YES;
				CLANG_WARN_NON_LITERAL_NULL_CONVERSION = YES;
				CLANG_WARN_OBJC_IMPLICIT_RETAIN_SELF = YES;
				CLANG_WARN_OBJC_LITERAL_CONVERSION = YES;
				CLANG_WARN_OBJC_ROOT_CLASS = YES_ERROR;
				CLANG_WARN_QUOTED_INCLUDE_IN_FRAMEWORK_HEADER = YES;
				CLANG_WARN_RANGE_LOOP_ANALYSIS = YES;
				CLANG_WARN_STRICT_PROTOTYPES = YES;
				CLANG_WARN_SUSPICIOUS_MOVE = YES;
				CLANG_WARN_UNGUARDED_AVAILABILITY = YES_AGGRESSIVE;
				CLANG_WARN_UNREACHABLE_CODE = YES;
				CLANG_WARN__DUPLICATE_METHOD_MATCH = YES;
				COPY_PHASE_STRIP = NO;
				DEBUG_INFORMATION_FORMAT = "dwarf-with-dsym";
				ENABLE_NS_ASSERTIONS = NO;
				ENABLE_STRICT_OBJC_MSGSEND = YES;
				GCC_C_LANGUAGE_STANDARD = gnu11;
				GCC_NO_COMMON_BLOCKS = YES;
				GCC_WARN_64_TO_32_BIT_CONVERSION = YES;
				GCC_WARN_ABOUT_RETURN_TYPE = YES_ERROR;
				GCC_WARN_UNDECLARED_SELECTOR = YES;
				GCC_WARN_UNINITIALIZED_AUTOS = YES_AGGRESSIVE;
				GCC_WARN_UNUSED_FUNCTION = YES;
				GCC_WARN_UNUSED_VARIABLE = YES;
				MTL_ENABLE_DEBUG_INFO = NO;
				MTL_FAST_MATH = YES;
				SWIFT_COMPILATION_MODE = wholemodule;
				SWIFT_OPTIMIZATION_LEVEL = "-O";
			};
			name = Release;
		};
		F713A31D29E9CC0F0068D7ED /* Debug */ = {
			isa = XCBuildConfiguration;
			buildSettings = {
				ASSETCATALOG_COMPILER_APPICON_NAME = AppIcon;
				ASSETCATALOG_COMPILER_GLOBAL_ACCENT_COLOR_NAME = AccentColor;
				CODE_SIGN_ENTITLEMENTS = Clubs/Clubs.entitlements;
				CODE_SIGN_STYLE = Automatic;
				CURRENT_PROJECT_VERSION = 1;
				DEVELOPMENT_ASSET_PATHS = "\"Clubs/Preview Content\"";
				DEVELOPMENT_TEAM = R233GVGCQ6;
				ENABLE_HARDENED_RUNTIME = YES;
				ENABLE_PREVIEWS = YES;
				GENERATE_INFOPLIST_FILE = YES;
				"INFOPLIST_KEY_UIApplicationSceneManifest_Generation[sdk=iphoneos*]" = YES;
				"INFOPLIST_KEY_UIApplicationSceneManifest_Generation[sdk=iphonesimulator*]" = YES;
				"INFOPLIST_KEY_UIApplicationSupportsIndirectInputEvents[sdk=iphoneos*]" = YES;
				"INFOPLIST_KEY_UIApplicationSupportsIndirectInputEvents[sdk=iphonesimulator*]" = YES;
				"INFOPLIST_KEY_UILaunchScreen_Generation[sdk=iphoneos*]" = YES;
				"INFOPLIST_KEY_UILaunchScreen_Generation[sdk=iphonesimulator*]" = YES;
				"INFOPLIST_KEY_UIStatusBarStyle[sdk=iphoneos*]" = UIStatusBarStyleDefault;
				"INFOPLIST_KEY_UIStatusBarStyle[sdk=iphonesimulator*]" = UIStatusBarStyleDefault;
				INFOPLIST_KEY_UISupportedInterfaceOrientations_iPad = "UIInterfaceOrientationPortrait UIInterfaceOrientationPortraitUpsideDown UIInterfaceOrientationLandscapeLeft UIInterfaceOrientationLandscapeRight";
				INFOPLIST_KEY_UISupportedInterfaceOrientations_iPhone = "UIInterfaceOrientationPortrait UIInterfaceOrientationLandscapeLeft UIInterfaceOrientationLandscapeRight";
				IPHONEOS_DEPLOYMENT_TARGET = 16.2;
				LD_RUNPATH_SEARCH_PATHS = "@executable_path/Frameworks";
				"LD_RUNPATH_SEARCH_PATHS[sdk=macosx*]" = "@executable_path/../Frameworks";
				MACOSX_DEPLOYMENT_TARGET = 13.0;
				MARKETING_VERSION = 1.0;
				PRODUCT_BUNDLE_IDENTIFIER = KranokutskiiYaroslav..Clubs;
				PRODUCT_NAME = "$(TARGET_NAME)";
				SDKROOT = auto;
				SUPPORTED_PLATFORMS = "iphoneos iphonesimulator";
				SUPPORTS_MACCATALYST = NO;
				SUPPORTS_MAC_DESIGNED_FOR_IPHONE_IPAD = NO;
				SWIFT_EMIT_LOC_STRINGS = YES;
				SWIFT_VERSION = 5.0;
				TARGETED_DEVICE_FAMILY = "1,2";
			};
			name = Debug;
		};
		F713A31E29E9CC0F0068D7ED /* Release */ = {
			isa = XCBuildConfiguration;
			buildSettings = {
				ASSETCATALOG_COMPILER_APPICON_NAME = AppIcon;
				ASSETCATALOG_COMPILER_GLOBAL_ACCENT_COLOR_NAME = AccentColor;
				CODE_SIGN_ENTITLEMENTS = Clubs/Clubs.entitlements;
				CODE_SIGN_STYLE = Automatic;
				CURRENT_PROJECT_VERSION = 1;
				DEVELOPMENT_ASSET_PATHS = "\"Clubs/Preview Content\"";
				DEVELOPMENT_TEAM = R233GVGCQ6;
				ENABLE_HARDENED_RUNTIME = YES;
				ENABLE_PREVIEWS = YES;
				GENERATE_INFOPLIST_FILE = YES;
				"INFOPLIST_KEY_UIApplicationSceneManifest_Generation[sdk=iphoneos*]" = YES;
				"INFOPLIST_KEY_UIApplicationSceneManifest_Generation[sdk=iphonesimulator*]" = YES;
				"INFOPLIST_KEY_UIApplicationSupportsIndirectInputEvents[sdk=iphoneos*]" = YES;
				"INFOPLIST_KEY_UIApplicationSupportsIndirectInputEvents[sdk=iphonesimulator*]" = YES;
				"INFOPLIST_KEY_UILaunchScreen_Generation[sdk=iphoneos*]" = YES;
				"INFOPLIST_KEY_UILaunchScreen_Generation[sdk=iphonesimulator*]" = YES;
				"INFOPLIST_KEY_UIStatusBarStyle[sdk=iphoneos*]" = UIStatusBarStyleDefault;
				"INFOPLIST_KEY_UIStatusBarStyle[sdk=iphonesimulator*]" = UIStatusBarStyleDefault;
				INFOPLIST_KEY_UISupportedInterfaceOrientations_iPad = "UIInterfaceOrientationPortrait UIInterfaceOrientationPortraitUpsideDown UIInterfaceOrientationLandscapeLeft UIInterfaceOrientationLandscapeRight";
				INFOPLIST_KEY_UISupportedInterfaceOrientations_iPhone = "UIInterfaceOrientationPortrait UIInterfaceOrientationLandscapeLeft UIInterfaceOrientationLandscapeRight";
				IPHONEOS_DEPLOYMENT_TARGET = 16.2;
				LD_RUNPATH_SEARCH_PATHS = "@executable_path/Frameworks";
				"LD_RUNPATH_SEARCH_PATHS[sdk=macosx*]" = "@executable_path/../Frameworks";
				MACOSX_DEPLOYMENT_TARGET = 13.0;
				MARKETING_VERSION = 1.0;
				PRODUCT_BUNDLE_IDENTIFIER = KranokutskiiYaroslav..Clubs;
				PRODUCT_NAME = "$(TARGET_NAME)";
				SDKROOT = auto;
				SUPPORTED_PLATFORMS = "iphoneos iphonesimulator";
				SUPPORTS_MACCATALYST = NO;
				SUPPORTS_MAC_DESIGNED_FOR_IPHONE_IPAD = NO;
				SWIFT_EMIT_LOC_STRINGS = YES;
				SWIFT_VERSION = 5.0;
				TARGETED_DEVICE_FAMILY = "1,2";
			};
			name = Release;
		};
/* End XCBuildConfiguration section */

/* Begin XCConfigurationList section */
		F713A30829E9CC0D0068D7ED /* Build configuration list for PBXProject "Clubs" */ = {
			isa = XCConfigurationList;
			buildConfigurations = (
				F713A31A29E9CC0F0068D7ED /* Debug */,
				F713A31B29E9CC0F0068D7ED /* Release */,
			);
			defaultConfigurationIsVisible = 0;
			defaultConfigurationName = Release;
		};
		F713A31C29E9CC0F0068D7ED /* Build configuration list for PBXNativeTarget "Clubs" */ = {
			isa = XCConfigurationList;
			buildConfigurations = (
				F713A31D29E9CC0F0068D7ED /* Debug */,
				F713A31E29E9CC0F0068D7ED /* Release */,
			);
			defaultConfigurationIsVisible = 0;
			defaultConfigurationName = Release;
		};
/* End XCConfigurationList section */
	};
	rootObject = F713A30529E9CC0D0068D7ED /* Project object */;
}
